
Microsoft Visual Studio Solution File, Format Version 12.00
# Visual Studio Version 17
VisualStudioVersion = 17.2.32630.192
MinimumVisualStudioVersion = 10.0.40219.1
Project("{FAE04EC0-301F-11D3-BF4B-00C04F79EFBC}") = "Assignment", "Task\Assignment.csproj", "{1D2F605B-B0B7-4FF5-B133-5430D16EA263}"
EndProject
Global
	GlobalSection(SolutionConfigurationPlatforms) = preSolution
		Debug|Any CPU = Debug|Any CPU
		Release|Any CPU = Release|Any CPU
	EndGlobalSection
	GlobalSection(ProjectConfigurationPlatforms) = postSolution
		{1D2F605B-B0B7-4FF5-B133-5430D16EA263}.Debug|Any CPU.ActiveCfg = Debug|Any CPU
		{1D2F605B-B0B7-4FF5-B133-5430D16EA263}.Debug|Any CPU.Build.0 = Debug|Any CPU
		{1D2F605B-B0B7-4FF5-B133-5430D16EA263}.Release|Any CPU.ActiveCfg = Release|Any CPU
		{1D2F605B-B0B7-4FF5-B133-5430D16EA263}.Release|Any CPU.Build.0 = Release|Any CPU
	EndGlobalSection
	GlobalSection(SolutionProperties) = preSolution
		HideSolutionNode = FALSE
	EndGlobalSection
	GlobalSection(ExtensibilityGlobals) = postSolution
		SolutionGuid = {6D664DFC-0C52-4213-BCA2-C93E8ABD2FB0}
	EndGlobalSection
EndGlobal
